{
    "_meta": {
        "hash": {
            "sha256": "29a56032de0afc74d95aeb0621a3b950d63b1c4a07f887361c2ea88c00e3401a"
        },
        "pipfile-spec": 6,
        "requires": {
            "python_version": "3.8"
        },
        "sources": [
            {
                "name": "pypi",
                "url": "https://pypi.org/simple",
                "verify_ssl": true
            }
        ]
    },
    "default": {
        "python-dotenv": {
            "hashes": [
                "sha256:0c8d1b80d1a1e91717ea7d526178e3882732420b03f08afea0406db6402e220e",
                "sha256:587825ed60b1711daea4832cf37524dfd404325b7db5e25ebe88c495c9f807a0"
            ],
            "index": "pypi",
            "version": "==0.15.0"
        }
    },
    "develop": {
        "pathtools": {
            "hashes": [
                "sha256:7c35c5421a39bb82e58018febd90e3b6e5db34c5443aaaf742b3f33d4655f1c0"
            ],
            "version": "==0.1.2"
        },
        "watchdog": {
            "hashes": [
                "sha256:4214e1379d128b0588021880ccaf40317ee156d4603ac388b9adcf29165e0c04"
            ],
            "index": "pypi",
            "version": "==0.10.3"
        }
    }
}
